// !$*UTF8*$!
{
	archiveVersion = 1;
	classes = {
	};
	objectVersion = 56;
	objects = {

/* Begin PBXBuildFile section */
		C30DE2AE2ACDBAA2008351CF /* AppDelegate.swift in Sources */ = {isa = PBXBuildFile; fileRef = C30DE2AD2ACDBAA2008351CF /* AppDelegate.swift */; };
		C30DE2B02ACDBAA2008351CF /* SceneDelegate.swift in Sources */ = {isa = PBXBuildFile; fileRef = C30DE2AF2ACDBAA2008351CF /* SceneDelegate.swift */; };
		C30DE2B22ACDBAA2008351CF /* ViewController.swift in Sources */ = {isa = PBXBuildFile; fileRef = C30DE2B12ACDBAA2008351CF /* ViewController.swift */; };
		C30DE2B52ACDBAA2008351CF /* Main.storyboard in Resources */ = {isa = PBXBuildFile; fileRef = C30DE2B32ACDBAA2008351CF /* Main.storyboard */; };
		C30DE2B72ACDBAA4008351CF /* Assets.xcassets in Resources */ = {isa = PBXBuildFile; fileRef = C30DE2B62ACDBAA4008351CF /* Assets.xcassets */; };
		C30DE2BA2ACDBAA4008351CF /* LaunchScreen.storyboard in Resources */ = {isa = PBXBuildFile; fileRef = C30DE2B82ACDBAA4008351CF /* LaunchScreen.storyboard */; };
		C30DE2C82ACDBB22008351CF /* UniformTypeIdentifiers.framework in Frameworks */ = {isa = PBXBuildFile; fileRef = C30DE2C72ACDBB22008351CF /* UniformTypeIdentifiers.framework */; };
		C30DE2CB2ACDBB22008351CF /* Media.xcassets in Resources */ = {isa = PBXBuildFile; fileRef = C30DE2CA2ACDBB22008351CF /* Media.xcassets */; };
		C30DE2CD2ACDBB22008351CF /* ActionViewController.swift in Sources */ = {isa = PBXBuildFile; fileRef = C30DE2CC2ACDBB22008351CF /* ActionViewController.swift */; };
		C30DE2D02ACDBB22008351CF /* MainInterface.storyboard in Resources */ = {isa = PBXBuildFile; fileRef = C30DE2CE2ACDBB22008351CF /* MainInterface.storyboard */; };
		C30DE2D42ACDBB22008351CF /* Extension.appex in Embed Foundation Extensions */ = {isa = PBXBuildFile; fileRef = C30DE2C52ACDBB22008351CF /* Extension.appex */; settings = {ATTRIBUTES = (RemoveHeadersOnCopy, ); }; };
		C30DE2DA2ACDBCB2008351CF /* Action.js in Resources */ = {isa = PBXBuildFile; fileRef = C30DE2D92ACDBCB2008351CF /* Action.js */; };
/* End PBXBuildFile section */

/* Begin PBXContainerItemProxy section */
		C30DE2D22ACDBB22008351CF /* PBXContainerItemProxy */ = {
			isa = PBXContainerItemProxy;
			containerPortal = C30DE2A22ACDBAA2008351CF /* Project object */;
			proxyType = 1;
			remoteGlobalIDString = C30DE2C42ACDBB22008351CF;
			remoteInfo = Extension;
		};
/* End PBXContainerItemProxy section */

/* Begin PBXCopyFilesBuildPhase section */
		C30DE2D82ACDBB22008351CF /* Embed Foundation Extensions */ = {
			isa = PBXCopyFilesBuildPhase;
			buildActionMask = 2147483647;
			dstPath = "";
			dstSubfolderSpec = 13;
			files = (
				C30DE2D42ACDBB22008351CF /* Extension.appex in Embed Foundation Extensions */,
			);
			name = "Embed Foundation Extensions";
			runOnlyForDeploymentPostprocessing = 0;
		};
/* End PBXCopyFilesBuildPhase section */

/* Begin PBXFileReference section */
		C30DE2AA2ACDBAA2008351CF /* Project 19.app */ = {isa = PBXFileReference; explicitFileType = wrapper.application; includeInIndex = 0; path = "Project 19.app"; sourceTree = BUILT_PRODUCTS_DIR; };
		C30DE2AD2ACDBAA2008351CF /* AppDelegate.swift */ = {isa = PBXFileReference; lastKnownFileType = sourcecode.swift; path = AppDelegate.swift; sourceTree = "<group>"; };
		C30DE2AF2ACDBAA2008351CF /* SceneDelegate.swift */ = {isa = PBXFileReference; lastKnownFileType = sourcecode.swift; path = SceneDelegate.swift; sourceTree = "<group>"; };
		C30DE2B12ACDBAA2008351CF /* ViewController.swift */ = {isa = PBXFileReference; lastKnownFileType = sourcecode.swift; path = ViewController.swift; sourceTree = "<group>"; };
		C30DE2B42ACDBAA2008351CF /* Base */ = {isa = PBXFileReference; lastKnownFileType = file.storyboard; name = Base; path = Base.lproj/Main.storyboard; sourceTree = "<group>"; };
		C30DE2B62ACDBAA4008351CF /* Assets.xcassets */ = {isa = PBXFileReference; lastKnownFileType = folder.assetcatalog; path = Assets.xcassets; sourceTree = "<group>"; };
		C30DE2B92ACDBAA4008351CF /* Base */ = {isa = PBXFileReference; lastKnownFileType = file.storyboard; name = Base; path = Base.lproj/LaunchScreen.storyboard; sourceTree = "<group>"; };
		C30DE2BB2ACDBAA4008351CF /* Info.plist */ = {isa = PBXFileReference; lastKnownFileType = text.plist.xml; path = Info.plist; sourceTree = "<group>"; };
		C30DE2C52ACDBB22008351CF /* Extension.appex */ = {isa = PBXFileReference; explicitFileType = "wrapper.app-extension"; includeInIndex = 0; path = Extension.appex; sourceTree = BUILT_PRODUCTS_DIR; };
		C30DE2C72ACDBB22008351CF /* UniformTypeIdentifiers.framework */ = {isa = PBXFileReference; lastKnownFileType = wrapper.framework; name = UniformTypeIdentifiers.framework; path = System/Library/Frameworks/UniformTypeIdentifiers.framework; sourceTree = SDKROOT; };
		C30DE2CA2ACDBB22008351CF /* Media.xcassets */ = {isa = PBXFileReference; lastKnownFileType = folder.assetcatalog; path = Media.xcassets; sourceTree = "<group>"; };
		C30DE2CC2ACDBB22008351CF /* ActionViewController.swift */ = {isa = PBXFileReference; lastKnownFileType = sourcecode.swift; path = ActionViewController.swift; sourceTree = "<group>"; };
		C30DE2CF2ACDBB22008351CF /* Base */ = {isa = PBXFileReference; lastKnownFileType = file.storyboard; name = Base; path = Base.lproj/MainInterface.storyboard; sourceTree = "<group>"; };
		C30DE2D12ACDBB22008351CF /* Info.plist */ = {isa = PBXFileReference; lastKnownFileType = text.plist.xml; path = Info.plist; sourceTree = "<group>"; };
		C30DE2D92ACDBCB2008351CF /* Action.js */ = {isa = PBXFileReference; lastKnownFileType = sourcecode.javascript; path = Action.js; sourceTree = "<group>"; };
/* End PBXFileReference section */

/* Begin PBXFrameworksBuildPhase section */
		C30DE2A72ACDBAA2008351CF /* Frameworks */ = {
			isa = PBXFrameworksBuildPhase;
			buildActionMask = 2147483647;
			files = (
			);
			runOnlyForDeploymentPostprocessing = 0;
		};
		C30DE2C22ACDBB22008351CF /* Frameworks */ = {
			isa = PBXFrameworksBuildPhase;
			buildActionMask = 2147483647;
			files = (
				C30DE2C82ACDBB22008351CF /* UniformTypeIdentifiers.framework in Frameworks */,
			);
			runOnlyForDeploymentPostprocessing = 0;
		};
/* End PBXFrameworksBuildPhase section */

/* Begin PBXGroup section */
		C30DE2A12ACDBAA2008351CF = {
			isa = PBXGroup;
			children = (
				C30DE2AC2ACDBAA2008351CF /* Project 19 */,
				C30DE2C92ACDBB22008351CF /* Extension */,
				C30DE2C62ACDBB22008351CF /* Frameworks */,
				C30DE2AB2ACDBAA2008351CF /* Products */,
			);
			sourceTree = "<group>";
		};
		C30DE2AB2ACDBAA2008351CF /* Products */ = {
			isa = PBXGroup;
			children = (
				C30DE2AA2ACDBAA2008351CF /* Project 19.app */,
				C30DE2C52ACDBB22008351CF /* Extension.appex */,
			);
			name = Products;
			sourceTree = "<group>";
		};
		C30DE2AC2ACDBAA2008351CF /* Project 19 */ = {
			isa = PBXGroup;
			children = (
				C30DE2AD2ACDBAA2008351CF /* AppDelegate.swift */,
				C30DE2AF2ACDBAA2008351CF /* SceneDelegate.swift */,
				C30DE2B12ACDBAA2008351CF /* ViewController.swift */,
				C30DE2B32ACDBAA2008351CF /* Main.storyboard */,
				C30DE2B62ACDBAA4008351CF /* Assets.xcassets */,
				C30DE2B82ACDBAA4008351CF /* LaunchScreen.storyboard */,
				C30DE2BB2ACDBAA4008351CF /* Info.plist */,
			);
			path = "Project 19";
			sourceTree = "<group>";
		};
		C30DE2C62ACDBB22008351CF /* Frameworks */ = {
			isa = PBXGroup;
			children = (
				C30DE2C72ACDBB22008351CF /* UniformTypeIdentifiers.framework */,
			);
			name = Frameworks;
			sourceTree = "<group>";
		};
		C30DE2C92ACDBB22008351CF /* Extension */ = {
			isa = PBXGroup;
			children = (
				C30DE2CA2ACDBB22008351CF /* Media.xcassets */,
				C30DE2CC2ACDBB22008351CF /* ActionViewController.swift */,
				C30DE2CE2ACDBB22008351CF /* MainInterface.storyboard */,
				C30DE2D12ACDBB22008351CF /* Info.plist */,
				C30DE2D92ACDBCB2008351CF /* Action.js */,
			);
			path = Extension;
			sourceTree = "<group>";
		};
/* End PBXGroup section */

/* Begin PBXNativeTarget section */
		C30DE2A92ACDBAA2008351CF /* Project 19 */ = {
			isa = PBXNativeTarget;
			buildConfigurationList = C30DE2BE2ACDBAA4008351CF /* Build configuration list for PBXNativeTarget "Project 19" */;
			buildPhases = (
				C30DE2A62ACDBAA2008351CF /* Sources */,
				C30DE2A72ACDBAA2008351CF /* Frameworks */,
				C30DE2A82ACDBAA2008351CF /* Resources */,
				C30DE2D82ACDBB22008351CF /* Embed Foundation Extensions */,
			);
			buildRules = (
			);
			dependencies = (
				C30DE2D32ACDBB22008351CF /* PBXTargetDependency */,
			);
			name = "Project 19";
			productName = "Project 19";
			productReference = C30DE2AA2ACDBAA2008351CF /* Project 19.app */;
			productType = "com.apple.product-type.application";
		};
		C30DE2C42ACDBB22008351CF /* Extension */ = {
			isa = PBXNativeTarget;
			buildConfigurationList = C30DE2D52ACDBB22008351CF /* Build configuration list for PBXNativeTarget "Extension" */;
			buildPhases = (
				C30DE2C12ACDBB22008351CF /* Sources */,
				C30DE2C22ACDBB22008351CF /* Frameworks */,
				C30DE2C32ACDBB22008351CF /* Resources */,
			);
			buildRules = (
			);
			dependencies = (
			);
			name = Extension;
			productName = Extension;
			productReference = C30DE2C52ACDBB22008351CF /* Extension.appex */;
			productType = "com.apple.product-type.app-extension";
		};
/* End PBXNativeTarget section */

/* Begin PBXProject section */
		C30DE2A22ACDBAA2008351CF /* Project object */ = {
			isa = PBXProject;
			attributes = {
				BuildIndependentTargetsInParallel = 1;
				LastSwiftUpdateCheck = 1430;
				LastUpgradeCheck = 1430;
				TargetAttributes = {
					C30DE2A92ACDBAA2008351CF = {
						CreatedOnToolsVersion = 14.3.1;
					};
					C30DE2C42ACDBB22008351CF = {
						CreatedOnToolsVersion = 14.3.1;
					};
				};
			};
			buildConfigurationList = C30DE2A52ACDBAA2008351CF /* Build configuration list for PBXProject "Project 19" */;
			compatibilityVersion = "Xcode 14.0";
			developmentRegion = en;
			hasScannedForEncodings = 0;
			knownRegions = (
				en,
				Base,
			);
			mainGroup = C30DE2A12ACDBAA2008351CF;
			productRefGroup = C30DE2AB2ACDBAA2008351CF /* Products */;
			projectDirPath = "";
			projectRoot = "";
			targets = (
				C30DE2A92ACDBAA2008351CF /* Project 19 */,
				C30DE2C42ACDBB22008351CF /* Extension */,
			);
		};
/* End PBXProject section */

/* Begin PBXResourcesBuildPhase section */
		C30DE2A82ACDBAA2008351CF /* Resources */ = {
			isa = PBXResourcesBuildPhase;
			buildActionMask = 2147483647;
			files = (
				C30DE2BA2ACDBAA4008351CF /* LaunchScreen.storyboard in Resources */,
				C30DE2B72ACDBAA4008351CF /* Assets.xcassets in Resources */,
				C30DE2B52ACDBAA2008351CF /* Main.storyboard in Resources */,
			);
			runOnlyForDeploymentPostprocessing = 0;
		};
		C30DE2C32ACDBB22008351CF /* Resources */ = {
			isa = PBXResourcesBuildPhase;
			buildActionMask = 2147483647;
			files = (
				C30DE2DA2ACDBCB2008351CF /* Action.js in Resources */,
				C30DE2CB2ACDBB22008351CF /* Media.xcassets in Resources */,
				C30DE2D02ACDBB22008351CF /* MainInterface.storyboard in Resources */,
			);
			runOnlyForDeploymentPostprocessing = 0;
		};
/* End PBXResourcesBuildPhase section */

/* Begin PBXSourcesBuildPhase section */
		C30DE2A62ACDBAA2008351CF /* Sources */ = {
			isa = PBXSourcesBuildPhase;
			buildActionMask = 2147483647;
			files = (
				C30DE2B22ACDBAA2008351CF /* ViewController.swift in Sources */,
				C30DE2AE2ACDBAA2008351CF /* AppDelegate.swift in Sources */,
				C30DE2B02ACDBAA2008351CF /* SceneDelegate.swift in Sources */,
			);
			runOnlyForDeploymentPostprocessing = 0;
		};
		C30DE2C12ACDBB22008351CF /* Sources */ = {
			isa = PBXSourcesBuildPhase;
			buildActionMask = 2147483647;
			files = (
				C30DE2CD2ACDBB22008351CF /* ActionViewController.swift in Sources */,
			);
			runOnlyForDeploymentPostprocessing = 0;
		};
/* End PBXSourcesBuildPhase section */

/* Begin PBXTargetDependency section */
		C30DE2D32ACDBB22008351CF /* PBXTargetDependency */ = {
			isa = PBXTargetDependency;
			target = C30DE2C42ACDBB22008351CF /* Extension */;
			targetProxy = C30DE2D22ACDBB22008351CF /* PBXContainerItemProxy */;
		};
/* End PBXTargetDependency section */

/* Begin PBXVariantGroup section */
		C30DE2B32ACDBAA2008351CF /* Main.storyboard */ = {
			isa = PBXVariantGroup;
			children = (
				C30DE2B42ACDBAA2008351CF /* Base */,
			);
			name = Main.storyboard;
			sourceTree = "<group>";
		};
		C30DE2B82ACDBAA4008351CF /* LaunchScreen.storyboard */ = {
			isa = PBXVariantGroup;
			children = (
				C30DE2B92ACDBAA4008351CF /* Base */,
			);
			name = LaunchScreen.storyboard;
			sourceTree = "<group>";
		};
		C30DE2CE2ACDBB22008351CF /* MainInterface.storyboard */ = {
			isa = PBXVariantGroup;
			children = (
				C30DE2CF2ACDBB22008351CF /* Base */,
			);
			name = MainInterface.storyboard;
			sourceTree = "<group>";
		};
/* End PBXVariantGroup section */

/* Begin XCBuildConfiguration section */
		C30DE2BC2ACDBAA4008351CF /* Debug */ = {
			isa = XCBuildConfiguration;
			buildSettings = {
				ALWAYS_SEARCH_USER_PATHS = NO;
				CLANG_ANALYZER_NONNULL = YES;
				CLANG_ANALYZER_NUMBER_OBJECT_CONVERSION = YES_AGGRESSIVE;
				CLANG_CXX_LANGUAGE_STANDARD = "gnu++20";
				CLANG_ENABLE_MODULES = YES;
				CLANG_ENABLE_OBJC_ARC = YES;
				CLANG_ENABLE_OBJC_WEAK = YES;
				CLANG_WARN_BLOCK_CAPTURE_AUTORELEASING = YES;
				CLANG_WARN_BOOL_CONVERSION = YES;
				CLANG_WARN_COMMA = YES;
				CLANG_WARN_CONSTANT_CONVERSION = YES;
				CLANG_WARN_DEPRECATED_OBJC_IMPLEMENTATIONS = YES;
				CLANG_WARN_DIRECT_OBJC_ISA_USAGE = YES_ERROR;
				CLANG_WARN_DOCUMENTATION_COMMENTS = YES;
				CLANG_WARN_EMPTY_BODY = YES;
				CLANG_WARN_ENUM_CONVERSION = YES;
				CLANG_WARN_INFINITE_RECURSION = YES;
				CLANG_WARN_INT_CONVERSION = YES;
				CLANG_WARN_NON_LITERAL_NULL_CONVERSION = YES;
				CLANG_WARN_OBJC_IMPLICIT_RETAIN_SELF = YES;
				CLANG_WARN_OBJC_LITERAL_CONVERSION = YES;
				CLANG_WARN_OBJC_ROOT_CLASS = YES_ERROR;
				CLANG_WARN_QUOTED_INCLUDE_IN_FRAMEWORK_HEADER = YES;
				CLANG_WARN_RANGE_LOOP_ANALYSIS = YES;
				CLANG_WARN_STRICT_PROTOTYPES = YES;
				CLANG_WARN_SUSPICIOUS_MOVE = YES;
				CLANG_WARN_UNGUARDED_AVAILABILITY = YES_AGGRESSIVE;
				CLANG_WARN_UNREACHABLE_CODE = YES;
				CLANG_WARN__DUPLICATE_METHOD_MATCH = YES;
				COPY_PHASE_STRIP = NO;
				DEBUG_INFORMATION_FORMAT = dwarf;
				ENABLE_STRICT_OBJC_MSGSEND = YES;
				ENABLE_TESTABILITY = YES;
				GCC_C_LANGUAGE_STANDARD = gnu11;
				GCC_DYNAMIC_NO_PIC = NO;
				GCC_NO_COMMON_BLOCKS = YES;
				GCC_OPTIMIZATION_LEVEL = 0;
				GCC_PREPROCESSOR_DEFINITIONS = (
					"DEBUG=1",
					"$(inherited)",
				);
				GCC_WARN_64_TO_32_BIT_CONVERSION = YES;
				GCC_WARN_ABOUT_RETURN_TYPE = YES_ERROR;
				GCC_WARN_UNDECLARED_SELECTOR = YES;
				GCC_WARN_UNINITIALIZED_AUTOS = YES_AGGRESSIVE;
				GCC_WARN_UNUSED_FUNCTION = YES;
				GCC_WARN_UNUSED_VARIABLE = YES;
				IPHONEOS_DEPLOYMENT_TARGET = 16.4;
				MTL_ENABLE_DEBUG_INFO = INCLUDE_SOURCE;
				MTL_FAST_MATH = YES;
				ONLY_ACTIVE_ARCH = YES;
				SDKROOT = iphoneos;
				SWIFT_ACTIVE_COMPILATION_CONDITIONS = DEBUG;
				SWIFT_OPTIMIZATION_LEVEL = "-Onone";
			};
			name = Debug;
		};
		C30DE2BD2ACDBAA4008351CF /* Release */ = {
			isa = XCBuildConfiguration;
			buildSettings = {
				ALWAYS_SEARCH_USER_PATHS = NO;
				CLANG_ANALYZER_NONNULL = YES;
				CLANG_ANALYZER_NUMBER_OBJECT_CONVERSION = YES_AGGRESSIVE;
				CLANG_CXX_LANGUAGE_STANDARD = "gnu++20";
				CLANG_ENABLE_MODULES = YES;
				CLANG_ENABLE_OBJC_ARC = YES;
				CLANG_ENABLE_OBJC_WEAK = YES;
				CLANG_WARN_BLOCK_CAPTURE_AUTORELEASING = YES;
				CLANG_WARN_BOOL_CONVERSION = YES;
				CLANG_WARN_COMMA = YES;
				CLANG_WARN_CONSTANT_CONVERSION = YES;
				CLANG_WARN_DEPRECATED_OBJC_IMPLEMENTATIONS = YES;
				CLANG_WARN_DIRECT_OBJC_ISA_USAGE = YES_ERROR;
				CLANG_WARN_DOCUMENTATION_COMMENTS = YES;
				CLANG_WARN_EMPTY_BODY = YES;
				CLANG_WARN_ENUM_CONVERSION = YES;
				CLANG_WARN_INFINITE_RECURSION = YES;
				CLANG_WARN_INT_CONVERSION = YES;
				CLANG_WARN_NON_LITERAL_NULL_CONVERSION = YES;
				CLANG_WARN_OBJC_IMPLICIT_RETAIN_SELF = YES;
				CLANG_WARN_OBJC_LITERAL_CONVERSION = YES;
				CLANG_WARN_OBJC_ROOT_CLASS = YES_ERROR;
				CLANG_WARN_QUOTED_INCLUDE_IN_FRAMEWORK_HEADER = YES;
				CLANG_WARN_RANGE_LOOP_ANALYSIS = YES;
				CLANG_WARN_STRICT_PROTOTYPES = YES;
				CLANG_WARN_SUSPICIOUS_MOVE = YES;
				CLANG_WARN_UNGUARDED_AVAILABILITY = YES_AGGRESSIVE;
				CLANG_WARN_UNREACHABLE_CODE = YES;
				CLANG_WARN__DUPLICATE_METHOD_MATCH = YES;
				COPY_PHASE_STRIP = NO;
				DEBUG_INFORMATION_FORMAT = "dwarf-with-dsym";
				ENABLE_NS_ASSERTIONS = NO;
				ENABLE_STRICT_OBJC_MSGSEND = YES;
				GCC_C_LANGUAGE_STANDARD = gnu11;
				GCC_NO_COMMON_BLOCKS = YES;
				GCC_WARN_64_TO_32_BIT_CONVERSION = YES;
				GCC_WARN_ABOUT_RETURN_TYPE = YES_ERROR;
				GCC_WARN_UNDECLARED_SELECTOR = YES;
				GCC_WARN_UNINITIALIZED_AUTOS = YES_AGGRESSIVE;
				GCC_WARN_UNUSED_FUNCTION = YES;
				GCC_WARN_UNUSED_VARIABLE = YES;
				IPHONEOS_DEPLOYMENT_TARGET = 16.4;
				MTL_ENABLE_DEBUG_INFO = NO;
				MTL_FAST_MATH = YES;
				SDKROOT = iphoneos;
				SWIFT_COMPILATION_MODE = wholemodule;
				SWIFT_OPTIMIZATION_LEVEL = "-O";
				VALIDATE_PRODUCT = YES;
			};
			name = Release;
		};
		C30DE2BF2ACDBAA4008351CF /* Debug */ = {
			isa = XCBuildConfiguration;
			buildSettings = {
				ALWAYS_EMBED_SWIFT_STANDARD_LIBRARIES = YES;
				ASSETCATALOG_COMPILER_APPICON_NAME = AppIcon;
				ASSETCATALOG_COMPILER_GLOBAL_ACCENT_COLOR_NAME = AccentColor;
				CODE_SIGN_STYLE = Automatic;
				CURRENT_PROJECT_VERSION = 1;
				GENERATE_INFOPLIST_FILE = YES;
				INFOPLIST_FILE = "Project 19/Info.plist";
				INFOPLIST_KEY_UIApplicationSupportsIndirectInputEvents = YES;
				INFOPLIST_KEY_UILaunchStoryboardName = LaunchScreen;
				INFOPLIST_KEY_UIMainStoryboardFile = Main;
				INFOPLIST_KEY_UISupportedInterfaceOrientations_iPad = "UIInterfaceOrientationPortrait UIInterfaceOrientationPortraitUpsideDown UIInterfaceOrientationLandscapeLeft UIInterfaceOrientationLandscapeRight";
				INFOPLIST_KEY_UISupportedInterfaceOrientations_iPhone = "UIInterfaceOrientationPortrait UIInterfaceOrientationLandscapeLeft UIInterfaceOrientationLandscapeRight";
				LD_RUNPATH_SEARCH_PATHS = (
					"$(inherited)",
					"@executable_path/Frameworks",
				);
				MARKETING_VERSION = 1.0;
				PRODUCT_BUNDLE_IDENTIFIER = "com.example.Project-19";
				PRODUCT_NAME = "$(TARGET_NAME)";
				SWIFT_EMIT_LOC_STRINGS = YES;
				SWIFT_VERSION = 5.0;
				TARGETED_DEVICE_FAMILY = "1,2";
			};
			name = Debug;
		};
		C30DE2C02ACDBAA4008351CF /* Release */ = {
			isa = XCBuildConfiguration;
			buildSettings = {
				ALWAYS_EMBED_SWIFT_STANDARD_LIBRARIES = YES;
				ASSETCATALOG_COMPILER_APPICON_NAME = AppIcon;
				ASSETCATALOG_COMPILER_GLOBAL_ACCENT_COLOR_NAME = AccentColor;
				CODE_SIGN_STYLE = Automatic;
				CURRENT_PROJECT_VERSION = 1;
				GENERATE_INFOPLIST_FILE = YES;
				INFOPLIST_FILE = "Project 19/Info.plist";
				INFOPLIST_KEY_UIApplicationSupportsIndirectInputEvents = YES;
				INFOPLIST_KEY_UILaunchStoryboardName = LaunchScreen;
				INFOPLIST_KEY_UIMainStoryboardFile = Main;
				INFOPLIST_KEY_UISupportedInterfaceOrientations_iPad = "UIInterfaceOrientationPortrait UIInterfaceOrientationPortraitUpsideDown UIInterfaceOrientationLandscapeLeft UIInterfaceOrientationLandscapeRight";
				INFOPLIST_KEY_UISupportedInterfaceOrientations_iPhone = "UIInterfaceOrientationPortrait UIInterfaceOrientationLandscapeLeft UIInterfaceOrientationLandscapeRight";
				LD_RUNPATH_SEARCH_PATHS = (
					"$(inherited)",
					"@executable_path/Frameworks",
				);
				MARKETING_VERSION = 1.0;
				PRODUCT_BUNDLE_IDENTIFIER = "com.example.Project-19";
				PRODUCT_NAME = "$(TARGET_NAME)";
				SWIFT_EMIT_LOC_STRINGS = YES;
				SWIFT_VERSION = 5.0;
				TARGETED_DEVICE_FAMILY = "1,2";
			};
			name = Release;
		};
		C30DE2D62ACDBB22008351CF /* Debug */ = {
			isa = XCBuildConfiguration;
			buildSettings = {
				CODE_SIGN_STYLE = Automatic;
				CURRENT_PROJECT_VERSION = 1;
				GENERATE_INFOPLIST_FILE = YES;
				INFOPLIST_FILE = Extension/Info.plist;
				INFOPLIST_KEY_CFBundleDisplayName = Extension;
				INFOPLIST_KEY_NSHumanReadableCopyright = "";
				LD_RUNPATH_SEARCH_PATHS = (
					"$(inherited)",
					"@executable_path/Frameworks",
					"@executable_path/../../Frameworks",
				);
				MARKETING_VERSION = 1.0;
				PRODUCT_BUNDLE_IDENTIFIER = "com.example.Project-19.Extension";
				PRODUCT_NAME = "$(TARGET_NAME)";
				SKIP_INSTALL = YES;
				SWIFT_EMIT_LOC_STRINGS = YES;
				SWIFT_VERSION = 5.0;
				TARGETED_DEVICE_FAMILY = "1,2";
			};
			name = Debug;
		};
		C30DE2D72ACDBB22008351CF /* Release */ = {
			isa = XCBuildConfiguration;
			buildSettings = {
				CODE_SIGN_STYLE = Automatic;
				CURRENT_PROJECT_VERSION = 1;
				GENERATE_INFOPLIST_FILE = YES;
				INFOPLIST_FILE = Extension/Info.plist;
				INFOPLIST_KEY_CFBundleDisplayName = Extension;
				INFOPLIST_KEY_NSHumanReadableCopyright = "";
				LD_RUNPATH_SEARCH_PATHS = (
					"$(inherited)",
					"@executable_path/Frameworks",
					"@executable_path/../../Frameworks",
				);
				MARKETING_VERSION = 1.0;
				PRODUCT_BUNDLE_IDENTIFIER = "com.example.Project-19.Extension";
				PRODUCT_NAME = "$(TARGET_NAME)";
				SKIP_INSTALL = YES;
				SWIFT_EMIT_LOC_STRINGS = YES;
				SWIFT_VERSION = 5.0;
				TARGETED_DEVICE_FAMILY = "1,2";
			};
			name = Release;
		};
/* End XCBuildConfiguration section */

/* Begin XCConfigurationList section */
		C30DE2A52ACDBAA2008351CF /* Build configuration list for PBXProject "Project 19" */ = {
			isa = XCConfigurationList;
			buildConfigurations = (
				C30DE2BC2ACDBAA4008351CF /* Debug */,
				C30DE2BD2ACDBAA4008351CF /* Release */,
			);
			defaultConfigurationIsVisible = 0;
			defaultConfigurationName = Release;
		};
		C30DE2BE2ACDBAA4008351CF /* Build configuration list for PBXNativeTarget "Project 19" */ = {
			isa = XCConfigurationList;
			buildConfigurations = (
				C30DE2BF2ACDBAA4008351CF /* Debug */,
				C30DE2C02ACDBAA4008351CF /* Release */,
			);
			defaultConfigurationIsVisible = 0;
			defaultConfigurationName = Release;
		};
		C30DE2D52ACDBB22008351CF /* Build configuration list for PBXNativeTarget "Extension" */ = {
			isa = XCConfigurationList;
			buildConfigurations = (
				C30DE2D62ACDBB22008351CF /* Debug */,
				C30DE2D72ACDBB22008351CF /* Release */,
			);
			defaultConfigurationIsVisible = 0;
			defaultConfigurationName = Release;
		};
/* End XCConfigurationList section */
	};
	rootObject = C30DE2A22ACDBAA2008351CF /* Project object */;
}
