// !$*UTF8*$!
{
	archiveVersion = 1;
	classes = {
	};
	objectVersion = 56;
	objects = {

/* Begin PBXBuildFile section */
		C30DE2272ACC625C008351CF /* AppDelegate.swift in Sources */ = {isa = PBXBuildFile; fileRef = C30DE2262ACC625C008351CF /* AppDelegate.swift */; };
		C30DE2292ACC625C008351CF /* GameScene.sks in Resources */ = {isa = PBXBuildFile; fileRef = C30DE2282ACC625C008351CF /* GameScene.sks */; };
		C30DE22D2ACC625C008351CF /* GameScene.swift in Sources */ = {isa = PBXBuildFile; fileRef = C30DE22C2ACC625C008351CF /* GameScene.swift */; };
		C30DE22F2ACC625C008351CF /* GameViewController.swift in Sources */ = {isa = PBXBuildFile; fileRef = C30DE22E2ACC625C008351CF /* GameViewController.swift */; };
		C30DE2322ACC625C008351CF /* Main.storyboard in Resources */ = {isa = PBXBuildFile; fileRef = C30DE2302ACC625C008351CF /* Main.storyboard */; };
		C30DE2342ACC625D008351CF /* Assets.xcassets in Resources */ = {isa = PBXBuildFile; fileRef = C30DE2332ACC625D008351CF /* Assets.xcassets */; };
		C30DE2372ACC625D008351CF /* LaunchScreen.storyboard in Resources */ = {isa = PBXBuildFile; fileRef = C30DE2352ACC625D008351CF /* LaunchScreen.storyboard */; };
		C30DE24E2ACC66D3008351CF /* WhackSlot.swift in Sources */ = {isa = PBXBuildFile; fileRef = C30DE24D2ACC66D3008351CF /* WhackSlot.swift */; };
		C30DE3A82AD4598A008351CF /* level1.txt in Resources */ = {isa = PBXBuildFile; fileRef = C30DE3A12AD45989008351CF /* level1.txt */; };
		C30DE3A92AD4598A008351CF /* player@2x.png in Resources */ = {isa = PBXBuildFile; fileRef = C30DE3A22AD45989008351CF /* player@2x.png */; };
		C30DE3AA2AD4598A008351CF /* star@2x.png in Resources */ = {isa = PBXBuildFile; fileRef = C30DE3A32AD45989008351CF /* star@2x.png */; };
		C30DE3AB2AD4598A008351CF /* background@2x.jpg in Resources */ = {isa = PBXBuildFile; fileRef = C30DE3A42AD45989008351CF /* background@2x.jpg */; };
		C30DE3AC2AD4598A008351CF /* finish@2x.png in Resources */ = {isa = PBXBuildFile; fileRef = C30DE3A52AD45989008351CF /* finish@2x.png */; };
		C30DE3AD2AD4598A008351CF /* block@2x.png in Resources */ = {isa = PBXBuildFile; fileRef = C30DE3A62AD4598A008351CF /* block@2x.png */; };
		C30DE3AE2AD4598A008351CF /* vortex@2x.png in Resources */ = {isa = PBXBuildFile; fileRef = C30DE3A72AD4598A008351CF /* vortex@2x.png */; };
/* End PBXBuildFile section */

/* Begin PBXFileReference section */
		C30DE2232ACC625C008351CF /* Project 14.app */ = {isa = PBXFileReference; explicitFileType = wrapper.application; includeInIndex = 0; path = "Project 14.app"; sourceTree = BUILT_PRODUCTS_DIR; };
		C30DE2262ACC625C008351CF /* AppDelegate.swift */ = {isa = PBXFileReference; lastKnownFileType = sourcecode.swift; path = AppDelegate.swift; sourceTree = "<group>"; };
		C30DE2282ACC625C008351CF /* GameScene.sks */ = {isa = PBXFileReference; lastKnownFileType = file.sks; path = GameScene.sks; sourceTree = "<group>"; };
		C30DE22C2ACC625C008351CF /* GameScene.swift */ = {isa = PBXFileReference; lastKnownFileType = sourcecode.swift; path = GameScene.swift; sourceTree = "<group>"; };
		C30DE22E2ACC625C008351CF /* GameViewController.swift */ = {isa = PBXFileReference; lastKnownFileType = sourcecode.swift; path = GameViewController.swift; sourceTree = "<group>"; };
		C30DE2312ACC625C008351CF /* Base */ = {isa = PBXFileReference; lastKnownFileType = file.storyboard; name = Base; path = Base.lproj/Main.storyboard; sourceTree = "<group>"; };
		C30DE2332ACC625D008351CF /* Assets.xcassets */ = {isa = PBXFileReference; lastKnownFileType = folder.assetcatalog; path = Assets.xcassets; sourceTree = "<group>"; };
		C30DE2362ACC625D008351CF /* Base */ = {isa = PBXFileReference; lastKnownFileType = file.storyboard; name = Base; path = Base.lproj/LaunchScreen.storyboard; sourceTree = "<group>"; };
		C30DE24D2ACC66D3008351CF /* WhackSlot.swift */ = {isa = PBXFileReference; lastKnownFileType = sourcecode.swift; path = WhackSlot.swift; sourceTree = "<group>"; };
		C30DE3A12AD45989008351CF /* level1.txt */ = {isa = PBXFileReference; fileEncoding = 4; lastKnownFileType = text; path = level1.txt; sourceTree = "<group>"; };
		C30DE3A22AD45989008351CF /* player@2x.png */ = {isa = PBXFileReference; lastKnownFileType = image.png; path = "player@2x.png"; sourceTree = "<group>"; };
		C30DE3A32AD45989008351CF /* star@2x.png */ = {isa = PBXFileReference; lastKnownFileType = image.png; path = "star@2x.png"; sourceTree = "<group>"; };
		C30DE3A42AD45989008351CF /* background@2x.jpg */ = {isa = PBXFileReference; lastKnownFileType = image.jpeg; path = "background@2x.jpg"; sourceTree = "<group>"; };
		C30DE3A52AD45989008351CF /* finish@2x.png */ = {isa = PBXFileReference; lastKnownFileType = image.png; path = "finish@2x.png"; sourceTree = "<group>"; };
		C30DE3A62AD4598A008351CF /* block@2x.png */ = {isa = PBXFileReference; lastKnownFileType = image.png; path = "block@2x.png"; sourceTree = "<group>"; };
		C30DE3A72AD4598A008351CF /* vortex@2x.png */ = {isa = PBXFileReference; lastKnownFileType = image.png; path = "vortex@2x.png"; sourceTree = "<group>"; };
/* End PBXFileReference section */

/* Begin PBXFrameworksBuildPhase section */
		C30DE2202ACC625C008351CF /* Frameworks */ = {
			isa = PBXFrameworksBuildPhase;
			buildActionMask = 2147483647;
			files = (
			);
			runOnlyForDeploymentPostprocessing = 0;
		};
/* End PBXFrameworksBuildPhase section */

/* Begin PBXGroup section */
		C30DE21A2ACC625C008351CF = {
			isa = PBXGroup;
			children = (
				C30DE2252ACC625C008351CF /* Project 14 */,
				C30DE2242ACC625C008351CF /* Products */,
			);
			sourceTree = "<group>";
		};
		C30DE2242ACC625C008351CF /* Products */ = {
			isa = PBXGroup;
			children = (
				C30DE2232ACC625C008351CF /* Project 14.app */,
			);
			name = Products;
			sourceTree = "<group>";
		};
		C30DE2252ACC625C008351CF /* Project 14 */ = {
			isa = PBXGroup;
			children = (
				C30DE2262ACC625C008351CF /* AppDelegate.swift */,
				C30DE2282ACC625C008351CF /* GameScene.sks */,
				C30DE22C2ACC625C008351CF /* GameScene.swift */,
				C30DE24D2ACC66D3008351CF /* WhackSlot.swift */,
				C30DE22E2ACC625C008351CF /* GameViewController.swift */,
				C30DE2302ACC625C008351CF /* Main.storyboard */,
				C30DE2332ACC625D008351CF /* Assets.xcassets */,
				C30DE2352ACC625D008351CF /* LaunchScreen.storyboard */,
				C30DE3A42AD45989008351CF /* background@2x.jpg */,
				C30DE3A62AD4598A008351CF /* block@2x.png */,
				C30DE3A52AD45989008351CF /* finish@2x.png */,
				C30DE3A12AD45989008351CF /* level1.txt */,
				C30DE3A22AD45989008351CF /* player@2x.png */,
				C30DE3A32AD45989008351CF /* star@2x.png */,
				C30DE3A72AD4598A008351CF /* vortex@2x.png */,
			);
			path = "Project 14";
			sourceTree = "<group>";
		};
/* End PBXGroup section */

/* Begin PBXNativeTarget section */
		C30DE2222ACC625C008351CF /* Project 14 */ = {
			isa = PBXNativeTarget;
			buildConfigurationList = C30DE23A2ACC625D008351CF /* Build configuration list for PBXNativeTarget "Project 14" */;
			buildPhases = (
				C30DE21F2ACC625C008351CF /* Sources */,
				C30DE2202ACC625C008351CF /* Frameworks */,
				C30DE2212ACC625C008351CF /* Resources */,
			);
			buildRules = (
			);
			dependencies = (
			);
			name = "Project 14";
			productName = "Project 14";
			productReference = C30DE2232ACC625C008351CF /* Project 14.app */;
			productType = "com.apple.product-type.application";
		};
/* End PBXNativeTarget section */

/* Begin PBXProject section */
		C30DE21B2ACC625C008351CF /* Project object */ = {
			isa = PBXProject;
			attributes = {
				BuildIndependentTargetsInParallel = 1;
				LastSwiftUpdateCheck = 1430;
				LastUpgradeCheck = 1430;
				TargetAttributes = {
					C30DE2222ACC625C008351CF = {
						CreatedOnToolsVersion = 14.3.1;
					};
				};
			};
			buildConfigurationList = C30DE21E2ACC625C008351CF /* Build configuration list for PBXProject "Project 14" */;
			compatibilityVersion = "Xcode 14.0";
			developmentRegion = en;
			hasScannedForEncodings = 0;
			knownRegions = (
				en,
				Base,
			);
			mainGroup = C30DE21A2ACC625C008351CF;
			productRefGroup = C30DE2242ACC625C008351CF /* Products */;
			projectDirPath = "";
			projectRoot = "";
			targets = (
				C30DE2222ACC625C008351CF /* Project 14 */,
			);
		};
/* End PBXProject section */

/* Begin PBXResourcesBuildPhase section */
		C30DE2212ACC625C008351CF /* Resources */ = {
			isa = PBXResourcesBuildPhase;
			buildActionMask = 2147483647;
			files = (
				C30DE3AE2AD4598A008351CF /* vortex@2x.png in Resources */,
				C30DE3AC2AD4598A008351CF /* finish@2x.png in Resources */,
				C30DE3A82AD4598A008351CF /* level1.txt in Resources */,
				C30DE3A92AD4598A008351CF /* player@2x.png in Resources */,
				C30DE3AB2AD4598A008351CF /* background@2x.jpg in Resources */,
				C30DE3AA2AD4598A008351CF /* star@2x.png in Resources */,
				C30DE2322ACC625C008351CF /* Main.storyboard in Resources */,
				C30DE3AD2AD4598A008351CF /* block@2x.png in Resources */,
				C30DE2292ACC625C008351CF /* GameScene.sks in Resources */,
				C30DE2342ACC625D008351CF /* Assets.xcassets in Resources */,
				C30DE2372ACC625D008351CF /* LaunchScreen.storyboard in Resources */,
			);
			runOnlyForDeploymentPostprocessing = 0;
		};
/* End PBXResourcesBuildPhase section */

/* Begin PBXSourcesBuildPhase section */
		C30DE21F2ACC625C008351CF /* Sources */ = {
			isa = PBXSourcesBuildPhase;
			buildActionMask = 2147483647;
			files = (
				C30DE22D2ACC625C008351CF /* GameScene.swift in Sources */,
				C30DE22F2ACC625C008351CF /* GameViewController.swift in Sources */,
				C30DE24E2ACC66D3008351CF /* WhackSlot.swift in Sources */,
				C30DE2272ACC625C008351CF /* AppDelegate.swift in Sources */,
			);
			runOnlyForDeploymentPostprocessing = 0;
		};
/* End PBXSourcesBuildPhase section */

/* Begin PBXVariantGroup section */
		C30DE2302ACC625C008351CF /* Main.storyboard */ = {
			isa = PBXVariantGroup;
			children = (
				C30DE2312ACC625C008351CF /* Base */,
			);
			name = Main.storyboard;
			sourceTree = "<group>";
		};
		C30DE2352ACC625D008351CF /* LaunchScreen.storyboard */ = {
			isa = PBXVariantGroup;
			children = (
				C30DE2362ACC625D008351CF /* Base */,
			);
			name = LaunchScreen.storyboard;
			sourceTree = "<group>";
		};
/* End PBXVariantGroup section */

/* Begin XCBuildConfiguration section */
		C30DE2382ACC625D008351CF /* Debug */ = {
			isa = XCBuildConfiguration;
			buildSettings = {
				ALWAYS_SEARCH_USER_PATHS = NO;
				CLANG_ANALYZER_NONNULL = YES;
				CLANG_ANALYZER_NUMBER_OBJECT_CONVERSION = YES_AGGRESSIVE;
				CLANG_CXX_LANGUAGE_STANDARD = "gnu++20";
				CLANG_ENABLE_MODULES = YES;
				CLANG_ENABLE_OBJC_ARC = YES;
				CLANG_ENABLE_OBJC_WEAK = YES;
				CLANG_WARN_BLOCK_CAPTURE_AUTORELEASING = YES;
				CLANG_WARN_BOOL_CONVERSION = YES;
				CLANG_WARN_COMMA = YES;
				CLANG_WARN_CONSTANT_CONVERSION = YES;
				CLANG_WARN_DEPRECATED_OBJC_IMPLEMENTATIONS = YES;
				CLANG_WARN_DIRECT_OBJC_ISA_USAGE = YES_ERROR;
				CLANG_WARN_DOCUMENTATION_COMMENTS = YES;
				CLANG_WARN_EMPTY_BODY = YES;
				CLANG_WARN_ENUM_CONVERSION = YES;
				CLANG_WARN_INFINITE_RECURSION = YES;
				CLANG_WARN_INT_CONVERSION = YES;
				CLANG_WARN_NON_LITERAL_NULL_CONVERSION = YES;
				CLANG_WARN_OBJC_IMPLICIT_RETAIN_SELF = YES;
				CLANG_WARN_OBJC_LITERAL_CONVERSION = YES;
				CLANG_WARN_OBJC_ROOT_CLASS = YES_ERROR;
				CLANG_WARN_QUOTED_INCLUDE_IN_FRAMEWORK_HEADER = YES;
				CLANG_WARN_RANGE_LOOP_ANALYSIS = YES;
				CLANG_WARN_STRICT_PROTOTYPES = YES;
				CLANG_WARN_SUSPICIOUS_MOVE = YES;
				CLANG_WARN_UNGUARDED_AVAILABILITY = YES_AGGRESSIVE;
				CLANG_WARN_UNREACHABLE_CODE = YES;
				CLANG_WARN__DUPLICATE_METHOD_MATCH = YES;
				COPY_PHASE_STRIP = NO;
				DEBUG_INFORMATION_FORMAT = dwarf;
				ENABLE_STRICT_OBJC_MSGSEND = YES;
				ENABLE_TESTABILITY = YES;
				GCC_C_LANGUAGE_STANDARD = gnu11;
				GCC_DYNAMIC_NO_PIC = NO;
				GCC_NO_COMMON_BLOCKS = YES;
				GCC_OPTIMIZATION_LEVEL = 0;
				GCC_PREPROCESSOR_DEFINITIONS = (
					"DEBUG=1",
					"$(inherited)",
				);
				GCC_WARN_64_TO_32_BIT_CONVERSION = YES;
				GCC_WARN_ABOUT_RETURN_TYPE = YES_ERROR;
				GCC_WARN_UNDECLARED_SELECTOR = YES;
				GCC_WARN_UNINITIALIZED_AUTOS = YES_AGGRESSIVE;
				GCC_WARN_UNUSED_FUNCTION = YES;
				GCC_WARN_UNUSED_VARIABLE = YES;
				IPHONEOS_DEPLOYMENT_TARGET = 16.4;
				MTL_ENABLE_DEBUG_INFO = INCLUDE_SOURCE;
				MTL_FAST_MATH = YES;
				ONLY_ACTIVE_ARCH = YES;
				SDKROOT = iphoneos;
				SWIFT_ACTIVE_COMPILATION_CONDITIONS = DEBUG;
				SWIFT_OPTIMIZATION_LEVEL = "-Onone";
			};
			name = Debug;
		};
		C30DE2392ACC625D008351CF /* Release */ = {
			isa = XCBuildConfiguration;
			buildSettings = {
				ALWAYS_SEARCH_USER_PATHS = NO;
				CLANG_ANALYZER_NONNULL = YES;
				CLANG_ANALYZER_NUMBER_OBJECT_CONVERSION = YES_AGGRESSIVE;
				CLANG_CXX_LANGUAGE_STANDARD = "gnu++20";
				CLANG_ENABLE_MODULES = YES;
				CLANG_ENABLE_OBJC_ARC = YES;
				CLANG_ENABLE_OBJC_WEAK = YES;
				CLANG_WARN_BLOCK_CAPTURE_AUTORELEASING = YES;
				CLANG_WARN_BOOL_CONVERSION = YES;
				CLANG_WARN_COMMA = YES;
				CLANG_WARN_CONSTANT_CONVERSION = YES;
				CLANG_WARN_DEPRECATED_OBJC_IMPLEMENTATIONS = YES;
				CLANG_WARN_DIRECT_OBJC_ISA_USAGE = YES_ERROR;
				CLANG_WARN_DOCUMENTATION_COMMENTS = YES;
				CLANG_WARN_EMPTY_BODY = YES;
				CLANG_WARN_ENUM_CONVERSION = YES;
				CLANG_WARN_INFINITE_RECURSION = YES;
				CLANG_WARN_INT_CONVERSION = YES;
				CLANG_WARN_NON_LITERAL_NULL_CONVERSION = YES;
				CLANG_WARN_OBJC_IMPLICIT_RETAIN_SELF = YES;
				CLANG_WARN_OBJC_LITERAL_CONVERSION = YES;
				CLANG_WARN_OBJC_ROOT_CLASS = YES_ERROR;
				CLANG_WARN_QUOTED_INCLUDE_IN_FRAMEWORK_HEADER = YES;
				CLANG_WARN_RANGE_LOOP_ANALYSIS = YES;
				CLANG_WARN_STRICT_PROTOTYPES = YES;
				CLANG_WARN_SUSPICIOUS_MOVE = YES;
				CLANG_WARN_UNGUARDED_AVAILABILITY = YES_AGGRESSIVE;
				CLANG_WARN_UNREACHABLE_CODE = YES;
				CLANG_WARN__DUPLICATE_METHOD_MATCH = YES;
				COPY_PHASE_STRIP = NO;
				DEBUG_INFORMATION_FORMAT = "dwarf-with-dsym";
				ENABLE_NS_ASSERTIONS = NO;
				ENABLE_STRICT_OBJC_MSGSEND = YES;
				GCC_C_LANGUAGE_STANDARD = gnu11;
				GCC_NO_COMMON_BLOCKS = YES;
				GCC_WARN_64_TO_32_BIT_CONVERSION = YES;
				GCC_WARN_ABOUT_RETURN_TYPE = YES_ERROR;
				GCC_WARN_UNDECLARED_SELECTOR = YES;
				GCC_WARN_UNINITIALIZED_AUTOS = YES_AGGRESSIVE;
				GCC_WARN_UNUSED_FUNCTION = YES;
				GCC_WARN_UNUSED_VARIABLE = YES;
				IPHONEOS_DEPLOYMENT_TARGET = 16.4;
				MTL_ENABLE_DEBUG_INFO = NO;
				MTL_FAST_MATH = YES;
				SDKROOT = iphoneos;
				SWIFT_COMPILATION_MODE = wholemodule;
				SWIFT_OPTIMIZATION_LEVEL = "-O";
				VALIDATE_PRODUCT = YES;
			};
			name = Release;
		};
		C30DE23B2ACC625D008351CF /* Debug */ = {
			isa = XCBuildConfiguration;
			buildSettings = {
				ASSETCATALOG_COMPILER_APPICON_NAME = AppIcon;
				ASSETCATALOG_COMPILER_GLOBAL_ACCENT_COLOR_NAME = AccentColor;
				CODE_SIGN_STYLE = Automatic;
				CURRENT_PROJECT_VERSION = 1;
				GENERATE_INFOPLIST_FILE = YES;
				INFOPLIST_KEY_UIApplicationSupportsIndirectInputEvents = YES;
				INFOPLIST_KEY_UILaunchStoryboardName = LaunchScreen;
				INFOPLIST_KEY_UIMainStoryboardFile = Main;
				INFOPLIST_KEY_UIStatusBarHidden = YES;
				INFOPLIST_KEY_UISupportedInterfaceOrientations = "UIInterfaceOrientationLandscapeLeft UIInterfaceOrientationLandscapeRight UIInterfaceOrientationPortrait";
				INFOPLIST_KEY_UISupportedInterfaceOrientations_iPad = "UIInterfaceOrientationLandscapeLeft UIInterfaceOrientationLandscapeRight";
				LD_RUNPATH_SEARCH_PATHS = (
					"$(inherited)",
					"@executable_path/Frameworks",
				);
				MARKETING_VERSION = 1.0;
				PRODUCT_BUNDLE_IDENTIFIER = "com.example.Project-14";
				PRODUCT_NAME = "$(TARGET_NAME)";
				SUPPORTED_PLATFORMS = "iphoneos iphonesimulator";
				SUPPORTS_MACCATALYST = NO;
				SUPPORTS_MAC_DESIGNED_FOR_IPHONE_IPAD = NO;
				SWIFT_EMIT_LOC_STRINGS = YES;
				SWIFT_VERSION = 5.0;
				TARGETED_DEVICE_FAMILY = 2;
			};
			name = Debug;
		};
		C30DE23C2ACC625D008351CF /* Release */ = {
			isa = XCBuildConfiguration;
			buildSettings = {
				ASSETCATALOG_COMPILER_APPICON_NAME = AppIcon;
				ASSETCATALOG_COMPILER_GLOBAL_ACCENT_COLOR_NAME = AccentColor;
				CODE_SIGN_STYLE = Automatic;
				CURRENT_PROJECT_VERSION = 1;
				GENERATE_INFOPLIST_FILE = YES;
				INFOPLIST_KEY_UIApplicationSupportsIndirectInputEvents = YES;
				INFOPLIST_KEY_UILaunchStoryboardName = LaunchScreen;
				INFOPLIST_KEY_UIMainStoryboardFile = Main;
				INFOPLIST_KEY_UIStatusBarHidden = YES;
				INFOPLIST_KEY_UISupportedInterfaceOrientations = "UIInterfaceOrientationLandscapeLeft UIInterfaceOrientationLandscapeRight UIInterfaceOrientationPortrait";
				INFOPLIST_KEY_UISupportedInterfaceOrientations_iPad = "UIInterfaceOrientationLandscapeLeft UIInterfaceOrientationLandscapeRight";
				LD_RUNPATH_SEARCH_PATHS = (
					"$(inherited)",
					"@executable_path/Frameworks",
				);
				MARKETING_VERSION = 1.0;
				PRODUCT_BUNDLE_IDENTIFIER = "com.example.Project-14";
				PRODUCT_NAME = "$(TARGET_NAME)";
				SUPPORTED_PLATFORMS = "iphoneos iphonesimulator";
				SUPPORTS_MACCATALYST = NO;
				SUPPORTS_MAC_DESIGNED_FOR_IPHONE_IPAD = NO;
				SWIFT_EMIT_LOC_STRINGS = YES;
				SWIFT_VERSION = 5.0;
				TARGETED_DEVICE_FAMILY = 2;
			};
			name = Release;
		};
/* End XCBuildConfiguration section */

/* Begin XCConfigurationList section */
		C30DE21E2ACC625C008351CF /* Build configuration list for PBXProject "Project 14" */ = {
			isa = XCConfigurationList;
			buildConfigurations = (
				C30DE2382ACC625D008351CF /* Debug */,
				C30DE2392ACC625D008351CF /* Release */,
			);
			defaultConfigurationIsVisible = 0;
			defaultConfigurationName = Release;
		};
		C30DE23A2ACC625D008351CF /* Build configuration list for PBXNativeTarget "Project 14" */ = {
			isa = XCConfigurationList;
			buildConfigurations = (
				C30DE23B2ACC625D008351CF /* Debug */,
				C30DE23C2ACC625D008351CF /* Release */,
			);
			defaultConfigurationIsVisible = 0;
			defaultConfigurationName = Release;
		};
/* End XCConfigurationList section */
	};
	rootObject = C30DE21B2ACC625C008351CF /* Project object */;
}
